
Microsoft Visual Studio Solution File, Format Version 12.00
# Visual Studio 15
VisualStudioVersion = 15.0.28307.572
MinimumVisualStudioVersion = 10.0.40219.1
Project("{8BC9CEB8-8B4A-11D0-8D11-00A0C91BC942}") = "00_DebugLibrary", "00_DebugLibrary\00_DebugLibrary.vcxproj", "{6BBD1710-1ADC-428A-9168-64785CC4F67F}"
EndProject
Project("{8BC9CEB8-8B4A-11D0-8D11-00A0C91BC942}") = "01_DirectXLibrary", "01_DirectXLibrary\01_DirectXLibrary.vcxproj", "{85F133EA-8A79-4EC1-9B88-A58B7E715DE4}"
	ProjectSection(ProjectDependencies) = postProject
		{6BBD1710-1ADC-428A-9168-64785CC4F67F} = {6BBD1710-1ADC-428A-9168-64785CC4F67F}
	EndProjectSection
EndProject
Project("{8BC9CEB8-8B4A-11D0-8D11-00A0C91BC942}") = "02_GameStructureLibrary", "02_GameStructureLibrary\02_GameStructureLibrary.vcxproj", "{FA3A49AF-E0A1-47A4-94F3-E646C4581FF2}"
	ProjectSection(ProjectDependencies) = postProject
		{6BBD1710-1ADC-428A-9168-64785CC4F67F} = {6BBD1710-1ADC-428A-9168-64785CC4F67F}
	EndProjectSection
EndProject
Project("{8BC9CEB8-8B4A-11D0-8D11-00A0C91BC942}") = "03_GameFileLibrary", "03_GameFileLibrary\03_GameFileLibrary.vcxproj", "{BCDA448C-A57C-4519-B1C9-8A2B04FA5E13}"
	ProjectSection(ProjectDependencies) = postProject
		{6BBD1710-1ADC-428A-9168-64785CC4F67F} = {6BBD1710-1ADC-428A-9168-64785CC4F67F}
	EndProjectSection
EndProject
Project("{8BC9CEB8-8B4A-11D0-8D11-00A0C91BC942}") = "06_GameWindowLibrary", "06_GameWindowLibrary\06_GameWindowLibrary.vcxproj", "{1053F513-35BE-4E1C-A984-E83FEE6F7418}"
	ProjectSection(ProjectDependencies) = postProject
		{6BBD1710-1ADC-428A-9168-64785CC4F67F} = {6BBD1710-1ADC-428A-9168-64785CC4F67F}
		{76BAAA2D-AF56-40D0-9775-53A01CDCB519} = {76BAAA2D-AF56-40D0-9775-53A01CDCB519}
		{35764F74-1B27-47A4-AE52-C3516851292B} = {35764F74-1B27-47A4-AE52-C3516851292B}
		{FA3A49AF-E0A1-47A4-94F3-E646C4581FF2} = {FA3A49AF-E0A1-47A4-94F3-E646C4581FF2}
		{85F133EA-8A79-4EC1-9B88-A58B7E715DE4} = {85F133EA-8A79-4EC1-9B88-A58B7E715DE4}
	EndProjectSection
EndProject
Project("{8BC9CEB8-8B4A-11D0-8D11-00A0C91BC942}") = "04_GameGraphicLibrary", "04_GameGraphicLibrary\04_GameGraphicLibrary.vcxproj", "{76BAAA2D-AF56-40D0-9775-53A01CDCB519}"
	ProjectSection(ProjectDependencies) = postProject
		{6BBD1710-1ADC-428A-9168-64785CC4F67F} = {6BBD1710-1ADC-428A-9168-64785CC4F67F}
		{BCDA448C-A57C-4519-B1C9-8A2B04FA5E13} = {BCDA448C-A57C-4519-B1C9-8A2B04FA5E13}
		{FA3A49AF-E0A1-47A4-94F3-E646C4581FF2} = {FA3A49AF-E0A1-47A4-94F3-E646C4581FF2}
		{85F133EA-8A79-4EC1-9B88-A58B7E715DE4} = {85F133EA-8A79-4EC1-9B88-A58B7E715DE4}
	EndProjectSection
EndProject
Project("{8BC9CEB8-8B4A-11D0-8D11-00A0C91BC942}") = "05_GameTextLibrary", "05_GameTextLibrary\05_GameTextLibrary.vcxproj", "{35764F74-1B27-47A4-AE52-C3516851292B}"
	ProjectSection(ProjectDependencies) = postProject
		{6BBD1710-1ADC-428A-9168-64785CC4F67F} = {6BBD1710-1ADC-428A-9168-64785CC4F67F}
		{76BAAA2D-AF56-40D0-9775-53A01CDCB519} = {76BAAA2D-AF56-40D0-9775-53A01CDCB519}
		{85F133EA-8A79-4EC1-9B88-A58B7E715DE4} = {85F133EA-8A79-4EC1-9B88-A58B7E715DE4}
	EndProjectSection
EndProject
Project("{8BC9CEB8-8B4A-11D0-8D11-00A0C91BC942}") = "07_GameNetworkLibrary", "07_GameNetworkLibrary\07_GameNetworkLibrary.vcxproj", "{F72F7ABB-D1F6-4B6D-B3F5-24D89A636BC0}"
	ProjectSection(ProjectDependencies) = postProject
		{6BBD1710-1ADC-428A-9168-64785CC4F67F} = {6BBD1710-1ADC-428A-9168-64785CC4F67F}
	EndProjectSection
EndProject
Project("{8BC9CEB8-8B4A-11D0-8D11-00A0C91BC942}") = "08_GameLibrary", "08_GameLibrary\08_GameLibrary.vcxproj", "{22DA68D2-4F2D-49F7-963E-8E777601BF78}"
	ProjectSection(ProjectDependencies) = postProject
		{6BBD1710-1ADC-428A-9168-64785CC4F67F} = {6BBD1710-1ADC-428A-9168-64785CC4F67F}
		{1053F513-35BE-4E1C-A984-E83FEE6F7418} = {1053F513-35BE-4E1C-A984-E83FEE6F7418}
		{76BAAA2D-AF56-40D0-9775-53A01CDCB519} = {76BAAA2D-AF56-40D0-9775-53A01CDCB519}
		{35764F74-1B27-47A4-AE52-C3516851292B} = {35764F74-1B27-47A4-AE52-C3516851292B}
		{BCDA448C-A57C-4519-B1C9-8A2B04FA5E13} = {BCDA448C-A57C-4519-B1C9-8A2B04FA5E13}
		{FA3A49AF-E0A1-47A4-94F3-E646C4581FF2} = {FA3A49AF-E0A1-47A4-94F3-E646C4581FF2}
		{F72F7ABB-D1F6-4B6D-B3F5-24D89A636BC0} = {F72F7ABB-D1F6-4B6D-B3F5-24D89A636BC0}
		{85F133EA-8A79-4EC1-9B88-A58B7E715DE4} = {85F133EA-8A79-4EC1-9B88-A58B7E715DE4}
	EndProjectSection
EndProject
Project("{8BC9CEB8-8B4A-11D0-8D11-00A0C91BC942}") = "testGameLib", "testGameLib\testGameLib.vcxproj", "{CB4E3662-E32B-40D6-9C55-693B14DF9D23}"
	ProjectSection(ProjectDependencies) = postProject
		{6BBD1710-1ADC-428A-9168-64785CC4F67F} = {6BBD1710-1ADC-428A-9168-64785CC4F67F}
		{1053F513-35BE-4E1C-A984-E83FEE6F7418} = {1053F513-35BE-4E1C-A984-E83FEE6F7418}
		{76BAAA2D-AF56-40D0-9775-53A01CDCB519} = {76BAAA2D-AF56-40D0-9775-53A01CDCB519}
		{35764F74-1B27-47A4-AE52-C3516851292B} = {35764F74-1B27-47A4-AE52-C3516851292B}
		{BCDA448C-A57C-4519-B1C9-8A2B04FA5E13} = {BCDA448C-A57C-4519-B1C9-8A2B04FA5E13}
		{FA3A49AF-E0A1-47A4-94F3-E646C4581FF2} = {FA3A49AF-E0A1-47A4-94F3-E646C4581FF2}
		{F72F7ABB-D1F6-4B6D-B3F5-24D89A636BC0} = {F72F7ABB-D1F6-4B6D-B3F5-24D89A636BC0}
		{22DA68D2-4F2D-49F7-963E-8E777601BF78} = {22DA68D2-4F2D-49F7-963E-8E777601BF78}
		{85F133EA-8A79-4EC1-9B88-A58B7E715DE4} = {85F133EA-8A79-4EC1-9B88-A58B7E715DE4}
	EndProjectSection
EndProject
Global
	GlobalSection(SolutionConfigurationPlatforms) = preSolution
		Debug|x64 = Debug|x64
		Debug|x86 = Debug|x86
		Release|x64 = Release|x64
		Release|x86 = Release|x86
	EndGlobalSection
	GlobalSection(ProjectConfigurationPlatforms) = postSolution
		{6BBD1710-1ADC-428A-9168-64785CC4F67F}.Debug|x64.ActiveCfg = Debug|Win32
		{6BBD1710-1ADC-428A-9168-64785CC4F67F}.Debug|x86.ActiveCfg = Debug|Win32
		{6BBD1710-1ADC-428A-9168-64785CC4F67F}.Debug|x86.Build.0 = Debug|Win32
		{6BBD1710-1ADC-428A-9168-64785CC4F67F}.Release|x64.ActiveCfg = Release|Win32
		{6BBD1710-1ADC-428A-9168-64785CC4F67F}.Release|x86.ActiveCfg = Release|Win32
		{6BBD1710-1ADC-428A-9168-64785CC4F67F}.Release|x86.Build.0 = Release|Win32
		{85F133EA-8A79-4EC1-9B88-A58B7E715DE4}.Debug|x64.ActiveCfg = Debug|Win32
		{85F133EA-8A79-4EC1-9B88-A58B7E715DE4}.Debug|x86.ActiveCfg = Debug|Win32
		{85F133EA-8A79-4EC1-9B88-A58B7E715DE4}.Debug|x86.Build.0 = Debug|Win32
		{85F133EA-8A79-4EC1-9B88-A58B7E715DE4}.Release|x64.ActiveCfg = Release|Win32
		{85F133EA-8A79-4EC1-9B88-A58B7E715DE4}.Release|x86.ActiveCfg = Release|Win32
		{85F133EA-8A79-4EC1-9B88-A58B7E715DE4}.Release|x86.Build.0 = Release|Win32
		{FA3A49AF-E0A1-47A4-94F3-E646C4581FF2}.Debug|x64.ActiveCfg = Debug|Win32
		{FA3A49AF-E0A1-47A4-94F3-E646C4581FF2}.Debug|x86.ActiveCfg = Debug|Win32
		{FA3A49AF-E0A1-47A4-94F3-E646C4581FF2}.Debug|x86.Build.0 = Debug|Win32
		{FA3A49AF-E0A1-47A4-94F3-E646C4581FF2}.Release|x64.ActiveCfg = Release|Win32
		{FA3A49AF-E0A1-47A4-94F3-E646C4581FF2}.Release|x86.ActiveCfg = Release|Win32
		{FA3A49AF-E0A1-47A4-94F3-E646C4581FF2}.Release|x86.Build.0 = Release|Win32
		{BCDA448C-A57C-4519-B1C9-8A2B04FA5E13}.Debug|x64.ActiveCfg = Debug|Win32
		{BCDA448C-A57C-4519-B1C9-8A2B04FA5E13}.Debug|x86.ActiveCfg = Debug|Win32
		{BCDA448C-A57C-4519-B1C9-8A2B04FA5E13}.Debug|x86.Build.0 = Debug|Win32
		{BCDA448C-A57C-4519-B1C9-8A2B04FA5E13}.Release|x64.ActiveCfg = Release|Win32
		{BCDA448C-A57C-4519-B1C9-8A2B04FA5E13}.Release|x86.ActiveCfg = Release|Win32
		{BCDA448C-A57C-4519-B1C9-8A2B04FA5E13}.Release|x86.Build.0 = Release|Win32
		{1053F513-35BE-4E1C-A984-E83FEE6F7418}.Debug|x64.ActiveCfg = Debug|Win32
		{1053F513-35BE-4E1C-A984-E83FEE6F7418}.Debug|x86.ActiveCfg = Debug|Win32
		{1053F513-35BE-4E1C-A984-E83FEE6F7418}.Debug|x86.Build.0 = Debug|Win32
		{1053F513-35BE-4E1C-A984-E83FEE6F7418}.Release|x64.ActiveCfg = Release|Win32
		{1053F513-35BE-4E1C-A984-E83FEE6F7418}.Release|x86.ActiveCfg = Release|Win32
		{1053F513-35BE-4E1C-A984-E83FEE6F7418}.Release|x86.Build.0 = Release|Win32
		{76BAAA2D-AF56-40D0-9775-53A01CDCB519}.Debug|x64.ActiveCfg = Debug|Win32
		{76BAAA2D-AF56-40D0-9775-53A01CDCB519}.Debug|x86.ActiveCfg = Debug|Win32
		{76BAAA2D-AF56-40D0-9775-53A01CDCB519}.Debug|x86.Build.0 = Debug|Win32
		{76BAAA2D-AF56-40D0-9775-53A01CDCB519}.Release|x64.ActiveCfg = Release|Win32
		{76BAAA2D-AF56-40D0-9775-53A01CDCB519}.Release|x86.ActiveCfg = Release|Win32
		{76BAAA2D-AF56-40D0-9775-53A01CDCB519}.Release|x86.Build.0 = Release|Win32
		{35764F74-1B27-47A4-AE52-C3516851292B}.Debug|x64.ActiveCfg = Debug|Win32
		{35764F74-1B27-47A4-AE52-C3516851292B}.Debug|x86.ActiveCfg = Debug|Win32
		{35764F74-1B27-47A4-AE52-C3516851292B}.Debug|x86.Build.0 = Debug|Win32
		{35764F74-1B27-47A4-AE52-C3516851292B}.Release|x64.ActiveCfg = Release|Win32
		{35764F74-1B27-47A4-AE52-C3516851292B}.Release|x86.ActiveCfg = Release|Win32
		{35764F74-1B27-47A4-AE52-C3516851292B}.Release|x86.Build.0 = Release|Win32
		{F72F7ABB-D1F6-4B6D-B3F5-24D89A636BC0}.Debug|x64.ActiveCfg = Debug|Win32
		{F72F7ABB-D1F6-4B6D-B3F5-24D89A636BC0}.Debug|x86.ActiveCfg = Debug|Win32
		{F72F7ABB-D1F6-4B6D-B3F5-24D89A636BC0}.Debug|x86.Build.0 = Debug|Win32
		{F72F7ABB-D1F6-4B6D-B3F5-24D89A636BC0}.Release|x64.ActiveCfg = Release|Win32
		{F72F7ABB-D1F6-4B6D-B3F5-24D89A636BC0}.Release|x86.ActiveCfg = Release|Win32
		{F72F7ABB-D1F6-4B6D-B3F5-24D89A636BC0}.Release|x86.Build.0 = Release|Win32
		{22DA68D2-4F2D-49F7-963E-8E777601BF78}.Debug|x64.ActiveCfg = Debug|Win32
		{22DA68D2-4F2D-49F7-963E-8E777601BF78}.Debug|x86.ActiveCfg = Debug|Win32
		{22DA68D2-4F2D-49F7-963E-8E777601BF78}.Debug|x86.Build.0 = Debug|Win32
		{22DA68D2-4F2D-49F7-963E-8E777601BF78}.Release|x64.ActiveCfg = Release|Win32
		{22DA68D2-4F2D-49F7-963E-8E777601BF78}.Release|x86.ActiveCfg = Release|Win32
		{22DA68D2-4F2D-49F7-963E-8E777601BF78}.Release|x86.Build.0 = Release|Win32
		{CB4E3662-E32B-40D6-9C55-693B14DF9D23}.Debug|x64.ActiveCfg = Debug|Win32
		{CB4E3662-E32B-40D6-9C55-693B14DF9D23}.Debug|x86.ActiveCfg = Debug|Win32
		{CB4E3662-E32B-40D6-9C55-693B14DF9D23}.Debug|x86.Build.0 = Debug|Win32
		{CB4E3662-E32B-40D6-9C55-693B14DF9D23}.Release|x64.ActiveCfg = Release|Win32
		{CB4E3662-E32B-40D6-9C55-693B14DF9D23}.Release|x86.ActiveCfg = Release|Win32
		{CB4E3662-E32B-40D6-9C55-693B14DF9D23}.Release|x86.Build.0 = Release|Win32
	EndGlobalSection
	GlobalSection(SolutionProperties) = preSolution
		HideSolutionNode = FALSE
	EndGlobalSection
	GlobalSection(ExtensibilityGlobals) = postSolution
		SolutionGuid = {120B33B8-B627-4676-AD44-9AC10EA527C2}
	EndGlobalSection
EndGlobal
