<?xml version="1.0" encoding="utf-8"?>
<Project ToolsVersion="4.0" xmlns="http://schemas.microsoft.com/developer/msbuild/2003">
  <ItemGroup>
    <ClCompile Include="Source\WinMain.cpp" />
    <ClCompile Include="Source\StdAfx.cpp" />
    <ClCompile Include="Source\TestOutlineFont0.cpp" />
  </ItemGroup>
  <ItemGroup>
    <ClInclude Include="Source\GameMain.h" />
    <ClInclude Include="Source\WinMain.h" />
    <ClInclude Include="Source\StdAfx.h" />
    <ClInclude Include="Source\TestOutlineFont0.h" />
  </ItemGroup>
</Project>