<?xml version="1.0" encoding="utf-8"?>
<Project ToolsVersion="4.0" xmlns="http://schemas.microsoft.com/developer/msbuild/2003">
  <ItemGroup>
    <ClCompile Include="source\Dx3D.cpp" />
    <ClCompile Include="source\DxInput.cpp" />
    <ClCompile Include="source\DxJoystick.cpp" />
    <ClCompile Include="source\DxKeyboard.cpp" />
    <ClCompile Include="source\DxMouse.cpp" />
    <ClCompile Include="source\DxSound.cpp" />
    <ClCompile Include="source\DxVertex.cpp" />
    <ClCompile Include="source\HWnd.cpp" />
    <ClCompile Include="source\EnumDisplay.cpp" />
  </ItemGroup>
  <ItemGroup>
    <ClInclude Include="source\DxJoystick.h" />
    <ClInclude Include="source\DxKeyboard.h" />
    <ClInclude Include="source\DxMouse.h" />
    <ClInclude Include="..\include\DxInput.h" />
    <ClInclude Include="..\include\DxSound.h" />
    <ClInclude Include="..\include\DxVertex.h" />
    <ClInclude Include="..\include\HWnd.h" />
    <ClInclude Include="..\include\Directx_common.h" />
    <ClInclude Include="..\include\Directx_Library.h" />
    <ClInclude Include="..\include\Dx3D.h" />
    <ClInclude Include="..\include\DxDefine.h" />
    <ClInclude Include="..\include\EnumDisplay.h" />
  </ItemGroup>
</Project>