<?xml version="1.0" encoding="utf-8"?>
<Project ToolsVersion="4.0" xmlns="http://schemas.microsoft.com/developer/msbuild/2003">
  <ItemGroup>
    <ClCompile Include="source\DebugOutGameWindow.cpp" />
    <ClCompile Include="source\FrameControl.cpp" />
    <ClCompile Include="source\GameSystem.cpp" />
    <ClCompile Include="source\KeyInput.cpp" />
    <ClCompile Include="source\Application.cpp" />
    <ClCompile Include="source\AppSettingFile.cpp" />
    <ClCompile Include="source\Rect.cpp" />
    <ClCompile Include="source\KeyConfig.cpp" />
    <ClCompile Include="source\DeviceInput.cpp" />
  </ItemGroup>
  <ItemGroup>
    <ClInclude Include="source\FrameControl.h" />
    <ClInclude Include="source\GameSystem.h" />
    <ClInclude Include="..\include\GameMainBase.h" />
    <ClInclude Include="..\include\GameWindowLibrary.h" />
    <ClInclude Include="..\include\KeyInput.h" />
    <ClInclude Include="..\include\Application.h" />
    <ClInclude Include="..\include\DebugOutGameWindow.h" />
    <ClInclude Include="..\include\AppSettingFile.h" />
    <ClInclude Include="..\include\Rect.h" />
    <ClInclude Include="..\include\KeyConfig.h" />
    <ClInclude Include="..\include\DeviceInput.h" />
    <ClInclude Include="..\include\KeyDefine.h" />
  </ItemGroup>
</Project>